
Microsoft Visual Studio Solution File, Format Version 12.00
# Visual Studio Express 15 for Windows Desktop
VisualStudioVersion = 15.0.34031.82
MinimumVisualStudioVersion = 10.0.40219.1
Project("{FAE04EC0-301F-11D3-BF4B-00C04F79EFBC}") = "Data Structure", "Data Structure\Data Structure.csproj", "{015AE303-5687-43DF-A04B-1096FF57F937}"
EndProject
Project("{FAE04EC0-301F-11D3-BF4B-00C04F79EFBC}") = "Manager", "Manager\Manager.csproj", "{852F176D-8E38-4852-B2F9-7BED686DA285}"
EndProject
Project("{FAE04EC0-301F-11D3-BF4B-00C04F79EFBC}") = "UserInterface", "UserInterface\UserInterface.csproj", "{45EDECED-2091-4DF9-ADDD-B751FC761014}"
EndProject
Global
	GlobalSection(SolutionConfigurationPlatforms) = preSolution
		Debug|Any CPU = Debug|Any CPU
		Release|Any CPU = Release|Any CPU
	EndGlobalSection
	GlobalSection(ProjectConfigurationPlatforms) = postSolution
		{015AE303-5687-43DF-A04B-1096FF57F937}.Debug|Any CPU.ActiveCfg = Debug|Any CPU
		{015AE303-5687-43DF-A04B-1096FF57F937}.Debug|Any CPU.Build.0 = Debug|Any CPU
		{015AE303-5687-43DF-A04B-1096FF57F937}.Release|Any CPU.ActiveCfg = Release|Any CPU
		{015AE303-5687-43DF-A04B-1096FF57F937}.Release|Any CPU.Build.0 = Release|Any CPU
		{852F176D-8E38-4852-B2F9-7BED686DA285}.Debug|Any CPU.ActiveCfg = Debug|Any CPU
		{852F176D-8E38-4852-B2F9-7BED686DA285}.Debug|Any CPU.Build.0 = Debug|Any CPU
		{852F176D-8E38-4852-B2F9-7BED686DA285}.Release|Any CPU.ActiveCfg = Release|Any CPU
		{852F176D-8E38-4852-B2F9-7BED686DA285}.Release|Any CPU.Build.0 = Release|Any CPU
		{45EDECED-2091-4DF9-ADDD-B751FC761014}.Debug|Any CPU.ActiveCfg = Debug|Any CPU
		{45EDECED-2091-4DF9-ADDD-B751FC761014}.Debug|Any CPU.Build.0 = Debug|Any CPU
		{45EDECED-2091-4DF9-ADDD-B751FC761014}.Release|Any CPU.ActiveCfg = Release|Any CPU
		{45EDECED-2091-4DF9-ADDD-B751FC761014}.Release|Any CPU.Build.0 = Release|Any CPU
	EndGlobalSection
	GlobalSection(SolutionProperties) = preSolution
		HideSolutionNode = FALSE
	EndGlobalSection
	GlobalSection(ExtensibilityGlobals) = postSolution
		SolutionGuid = {88D55E88-86D7-46F1-A407-4E7D6167256F}
	EndGlobalSection
EndGlobal
